Microsoft Visual Studio Solution File, Format Version 12.00
# Visual Studio 15
VisualStudioVersion = 15.0.28010.2003
MinimumVisualStudioVersion = 10.0.40219.1
Project("{2150E333-8FDC-42A3-9474-1A3956D46DE8}") = "01-Core", "01-Core", "{65679265-7047-4B77-B356-FAD37D1A4F35}"
EndProject
Project("{FAE04EC0-301F-11D3-BF4B-00C04F79EFBC}") = "Mobile.Core", "01-Core\Mobile.Core\Mobile.Core.csproj", "{0969D6C0-A3C3-4D2C-9D06-582E08BD1323}"
EndProject
Project("{FAE04EC0-301F-11D3-BF4B-00C04F79EFBC}") = "Mobile.Services.Realm", "01-Core\Mobile.Services.Realm\Mobile.Services.Realm.csproj", "{711CE704-A550-48F9-8C12-6565D1E540C6}"
EndProject
Project("{FAE04EC0-301F-11D3-BF4B-00C04F79EFBC}") = "Mobile.Services.Http", "01-Core\Mobile.Services.Http\Mobile.Services.Http.csproj", "{B907FBA8-CABF-43B4-A8F9-0D1006E51F47}"
EndProject
Project("{2150E333-8FDC-42A3-9474-1A3956D46DE8}") = "02-Presentation", "02-Presentation", "{F20449FD-5F7C-446A-B618-D673B2909ED5}"
EndProject
Project("{2150E333-8FDC-42A3-9474-1A3956D46DE8}") = "03-Tests", "03-Tests", "{BA214978-FDD4-4F2F-BA8B-230DB9445E64}"
EndProject
Project("{FAE04EC0-301F-11D3-BF4B-00C04F79EFBC}") = "Mobile.Svg", "02-Presentation\Mobile.Svg\Mobile.Svg.csproj", "{CA869354-833D-4806-91AC-8CF59C172A86}"
EndProject
Project("{D954291E-2A0B-460D-934E-DC6B0785DB48}") = "Mobile.ViewModels.Tests.Shared", "03-Tests\Mobile.ViewModels.Tests.Shared\Mobile.ViewModels.Tests.Shared.shproj", "{9C80C895-AC43-4C1D-8F83-BEDFAF6CA657}"
EndProject
Project("{FAE04EC0-301F-11D3-BF4B-00C04F79EFBC}") = "Mobile.ViewModels", "01-Core\Mobile.ViewModels\Mobile.ViewModels.csproj", "{47998622-D2A8-4682-A4C9-138A4D4E270E}"
EndProject
Project("{FAE04EC0-301F-11D3-BF4B-00C04F79EFBC}") = "Mobile.ViewModels.Tests.iOS", "03-Tests\Mobile.ViewModels.Tests.iOS\Mobile.ViewModels.Tests.iOS.csproj", "{4429AA89-5F80-4677-AC09-59FE2270457B}"
EndProject
Project("{FAE04EC0-301F-11D3-BF4B-00C04F79EFBC}") = "Mobile.ViewModels.Tests.Android", "03-Tests\Mobile.ViewModels.Tests.Android\Mobile.ViewModels.Tests.Android.csproj", "{9955BFD1-892B-4C4C-A362-C6977621B6FB}"
EndProject
Project("{FAE04EC0-301F-11D3-BF4B-00C04F79EFBC}") = "Mobile.Android", "02-Presentation\Mobile.Android\Mobile.Android.csproj", "{7DA4CB6E-BEAD-46B0-AA8A-F158D263A82E}"
EndProject
Project("{FAE04EC0-301F-11D3-BF4B-00C04F79EFBC}") = "Mobile.iOS", "02-Presentation\Mobile.iOS\Mobile.iOS.csproj", "{58143ED7-6046-4154-9470-13B1A441BE15}"
EndProject
Project("{9A19103F-16F7-4668-BE54-9A1E7A4F7556}") = "Mobile", "02-Presentation\Mobile\Mobile.csproj", "{1866E15B-9744-47EF-85E0-302684D1CC73}"
EndProject
Global
	GlobalSection(SharedMSBuildProjectFiles) = preSolution
		03-Tests\Mobile.ViewModels.Tests.Shared\Mobile.ViewModels.Tests.Shared.projitems*{4429aa89-5f80-4677-ac09-59fe2270457b}*SharedItemsImports = 4
		03-Tests\Mobile.ViewModels.Tests.Shared\Mobile.ViewModels.Tests.Shared.projitems*{9955bfd1-892b-4c4c-a362-c6977621b6fb}*SharedItemsImports = 4
		03-Tests\Mobile.ViewModels.Tests.Shared\Mobile.ViewModels.Tests.Shared.projitems*{9c80c895-ac43-4c1d-8f83-bedfaf6ca657}*SharedItemsImports = 13
	EndGlobalSection
	GlobalSection(SolutionConfigurationPlatforms) = preSolution
		Ad-Hoc|Any CPU = Ad-Hoc|Any CPU
		Ad-Hoc|ARM = Ad-Hoc|ARM
		Ad-Hoc|iPhone = Ad-Hoc|iPhone
		Ad-Hoc|iPhoneSimulator = Ad-Hoc|iPhoneSimulator
		Ad-Hoc|x64 = Ad-Hoc|x64
		Ad-Hoc|x86 = Ad-Hoc|x86
		AppStore|Any CPU = AppStore|Any CPU
		AppStore|ARM = AppStore|ARM
		AppStore|iPhone = AppStore|iPhone
		AppStore|iPhoneSimulator = AppStore|iPhoneSimulator
		AppStore|x64 = AppStore|x64
		AppStore|x86 = AppStore|x86
		Debug|Any CPU = Debug|Any CPU
		Debug|ARM = Debug|ARM
		Debug|iPhone = Debug|iPhone
		Debug|iPhoneSimulator = Debug|iPhoneSimulator
		Debug|x64 = Debug|x64
		Debug|x86 = Debug|x86
		Release|Any CPU = Release|Any CPU
		Release|ARM = Release|ARM
		Release|iPhone = Release|iPhone
		Release|iPhoneSimulator = Release|iPhoneSimulator
		Release|x64 = Release|x64
		Release|x86 = Release|x86
	EndGlobalSection
	GlobalSection(ProjectConfigurationPlatforms) = postSolution
		{0969D6C0-A3C3-4D2C-9D06-582E08BD1323}.Ad-Hoc|Any CPU.ActiveCfg = Release|Any CPU
		{0969D6C0-A3C3-4D2C-9D06-582E08BD1323}.Ad-Hoc|Any CPU.Build.0 = Release|Any CPU
		{0969D6C0-A3C3-4D2C-9D06-582E08BD1323}.Ad-Hoc|ARM.ActiveCfg = Release|Any CPU
		{0969D6C0-A3C3-4D2C-9D06-582E08BD1323}.Ad-Hoc|ARM.Build.0 = Release|Any CPU
		{0969D6C0-A3C3-4D2C-9D06-582E08BD1323}.Ad-Hoc|iPhone.ActiveCfg = Release|Any CPU
		{0969D6C0-A3C3-4D2C-9D06-582E08BD1323}.Ad-Hoc|iPhone.Build.0 = Release|Any CPU
		{0969D6C0-A3C3-4D2C-9D06-582E08BD1323}.Ad-Hoc|iPhoneSimulator.ActiveCfg = Release|Any CPU
		{0969D6C0-A3C3-4D2C-9D06-582E08BD1323}.Ad-Hoc|iPhoneSimulator.Build.0 = Release|Any CPU
		{0969D6C0-A3C3-4D2C-9D06-582E08BD1323}.Ad-Hoc|x64.ActiveCfg = Release|Any CPU
		{0969D6C0-A3C3-4D2C-9D06-582E08BD1323}.Ad-Hoc|x64.Build.0 = Release|Any CPU
		{0969D6C0-A3C3-4D2C-9D06-582E08BD1323}.Ad-Hoc|x86.ActiveCfg = Release|Any CPU
		{0969D6C0-A3C3-4D2C-9D06-582E08BD1323}.Ad-Hoc|x86.Build.0 = Release|Any CPU
		{0969D6C0-A3C3-4D2C-9D06-582E08BD1323}.AppStore|Any CPU.ActiveCfg = Release|Any CPU
		{0969D6C0-A3C3-4D2C-9D06-582E08BD1323}.AppStore|Any CPU.Build.0 = Release|Any CPU
		{0969D6C0-A3C3-4D2C-9D06-582E08BD1323}.AppStore|ARM.ActiveCfg = Release|Any CPU
		{0969D6C0-A3C3-4D2C-9D06-582E08BD1323}.AppStore|ARM.Build.0 = Release|Any CPU
		{0969D6C0-A3C3-4D2C-9D06-582E08BD1323}.AppStore|iPhone.ActiveCfg = Release|Any CPU
		{0969D6C0-A3C3-4D2C-9D06-582E08BD1323}.AppStore|iPhone.Build.0 = Release|Any CPU
		{0969D6C0-A3C3-4D2C-9D06-582E08BD1323}.AppStore|iPhoneSimulator.ActiveCfg = Release|Any CPU
		{0969D6C0-A3C3-4D2C-9D06-582E08BD1323}.AppStore|iPhoneSimulator.Build.0 = Release|Any CPU
		{0969D6C0-A3C3-4D2C-9D06-582E08BD1323}.AppStore|x64.ActiveCfg = Release|Any CPU
		{0969D6C0-A3C3-4D2C-9D06-582E08BD1323}.AppStore|x64.Build.0 = Release|Any CPU
		{0969D6C0-A3C3-4D2C-9D06-582E08BD1323}.AppStore|x86.ActiveCfg = Release|Any CPU
		{0969D6C0-A3C3-4D2C-9D06-582E08BD1323}.AppStore|x86.Build.0 = Release|Any CPU
		{0969D6C0-A3C3-4D2C-9D06-582E08BD1323}.Debug|Any CPU.ActiveCfg = Debug|Any CPU
		{0969D6C0-A3C3-4D2C-9D06-582E08BD1323}.Debug|Any CPU.Build.0 = Debug|Any CPU
		{0969D6C0-A3C3-4D2C-9D06-582E08BD1323}.Debug|ARM.ActiveCfg = Debug|Any CPU
		{0969D6C0-A3C3-4D2C-9D06-582E08BD1323}.Debug|ARM.Build.0 = Debug|Any CPU
		{0969D6C0-A3C3-4D2C-9D06-582E08BD1323}.Debug|iPhone.ActiveCfg = Debug|Any CPU
		{0969D6C0-A3C3-4D2C-9D06-582E08BD1323}.Debug|iPhone.Build.0 = Debug|Any CPU
		{0969D6C0-A3C3-4D2C-9D06-582E08BD1323}.Debug|iPhoneSimulator.ActiveCfg = Debug|Any CPU
		{0969D6C0-A3C3-4D2C-9D06-582E08BD1323}.Debug|iPhoneSimulator.Build.0 = Debug|Any CPU
		{0969D6C0-A3C3-4D2C-9D06-582E08BD1323}.Debug|x64.ActiveCfg = Debug|Any CPU
		{0969D6C0-A3C3-4D2C-9D06-582E08BD1323}.Debug|x64.Build.0 = Debug|Any CPU
		{0969D6C0-A3C3-4D2C-9D06-582E08BD1323}.Debug|x86.ActiveCfg = Debug|Any CPU
		{0969D6C0-A3C3-4D2C-9D06-582E08BD1323}.Debug|x86.Build.0 = Debug|Any CPU
		{0969D6C0-A3C3-4D2C-9D06-582E08BD1323}.Release|Any CPU.ActiveCfg = Release|Any CPU
		{0969D6C0-A3C3-4D2C-9D06-582E08BD1323}.Release|Any CPU.Build.0 = Release|Any CPU
		{0969D6C0-A3C3-4D2C-9D06-582E08BD1323}.Release|ARM.ActiveCfg = Release|Any CPU
		{0969D6C0-A3C3-4D2C-9D06-582E08BD1323}.Release|ARM.Build.0 = Release|Any CPU
		{0969D6C0-A3C3-4D2C-9D06-582E08BD1323}.Release|iPhone.ActiveCfg = Release|Any CPU
		{0969D6C0-A3C3-4D2C-9D06-582E08BD1323}.Release|iPhone.Build.0 = Release|Any CPU
		{0969D6C0-A3C3-4D2C-9D06-582E08BD1323}.Release|iPhoneSimulator.ActiveCfg = Release|Any CPU
		{0969D6C0-A3C3-4D2C-9D06-582E08BD1323}.Release|iPhoneSimulator.Build.0 = Release|Any CPU
		{0969D6C0-A3C3-4D2C-9D06-582E08BD1323}.Release|x64.ActiveCfg = Release|Any CPU
		{0969D6C0-A3C3-4D2C-9D06-582E08BD1323}.Release|x64.Build.0 = Release|Any CPU
		{0969D6C0-A3C3-4D2C-9D06-582E08BD1323}.Release|x86.ActiveCfg = Release|Any CPU
		{0969D6C0-A3C3-4D2C-9D06-582E08BD1323}.Release|x86.Build.0 = Release|Any CPU
		{711CE704-A550-48F9-8C12-6565D1E540C6}.Ad-Hoc|Any CPU.ActiveCfg = Release|Any CPU
		{711CE704-A550-48F9-8C12-6565D1E540C6}.Ad-Hoc|Any CPU.Build.0 = Release|Any CPU
		{711CE704-A550-48F9-8C12-6565D1E540C6}.Ad-Hoc|ARM.ActiveCfg = Release|Any CPU
		{711CE704-A550-48F9-8C12-6565D1E540C6}.Ad-Hoc|ARM.Build.0 = Release|Any CPU
		{711CE704-A550-48F9-8C12-6565D1E540C6}.Ad-Hoc|iPhone.ActiveCfg = Release|Any CPU
		{711CE704-A550-48F9-8C12-6565D1E540C6}.Ad-Hoc|iPhone.Build.0 = Release|Any CPU
		{711CE704-A550-48F9-8C12-6565D1E540C6}.Ad-Hoc|iPhoneSimulator.ActiveCfg = Release|Any CPU
		{711CE704-A550-48F9-8C12-6565D1E540C6}.Ad-Hoc|iPhoneSimulator.Build.0 = Release|Any CPU
		{711CE704-A550-48F9-8C12-6565D1E540C6}.Ad-Hoc|x64.ActiveCfg = Release|Any CPU
		{711CE704-A550-48F9-8C12-6565D1E540C6}.Ad-Hoc|x64.Build.0 = Release|Any CPU
		{711CE704-A550-48F9-8C12-6565D1E540C6}.Ad-Hoc|x86.ActiveCfg = Release|Any CPU
		{711CE704-A550-48F9-8C12-6565D1E540C6}.Ad-Hoc|x86.Build.0 = Release|Any CPU
		{711CE704-A550-48F9-8C12-6565D1E540C6}.AppStore|Any CPU.ActiveCfg = Release|Any CPU
		{711CE704-A550-48F9-8C12-6565D1E540C6}.AppStore|Any CPU.Build.0 = Release|Any CPU
		{711CE704-A550-48F9-8C12-6565D1E540C6}.AppStore|ARM.ActiveCfg = Release|Any CPU
		{711CE704-A550-48F9-8C12-6565D1E540C6}.AppStore|ARM.Build.0 = Release|Any CPU
		{711CE704-A550-48F9-8C12-6565D1E540C6}.AppStore|iPhone.ActiveCfg = Release|Any CPU
		{711CE704-A550-48F9-8C12-6565D1E540C6}.AppStore|iPhone.Build.0 = Release|Any CPU
		{711CE704-A550-48F9-8C12-6565D1E540C6}.AppStore|iPhoneSimulator.ActiveCfg = Release|Any CPU
		{711CE704-A550-48F9-8C12-6565D1E540C6}.AppStore|iPhoneSimulator.Build.0 = Release|Any CPU
		{711CE704-A550-48F9-8C12-6565D1E540C6}.AppStore|x64.ActiveCfg = Release|Any CPU
		{711CE704-A550-48F9-8C12-6565D1E540C6}.AppStore|x64.Build.0 = Release|Any CPU
		{711CE704-A550-48F9-8C12-6565D1E540C6}.AppStore|x86.ActiveCfg = Release|Any CPU
		{711CE704-A550-48F9-8C12-6565D1E540C6}.AppStore|x86.Build.0 = Release|Any CPU
		{711CE704-A550-48F9-8C12-6565D1E540C6}.Debug|Any CPU.ActiveCfg = Debug|Any CPU
		{711CE704-A550-48F9-8C12-6565D1E540C6}.Debug|Any CPU.Build.0 = Debug|Any CPU
		{711CE704-A550-48F9-8C12-6565D1E540C6}.Debug|ARM.ActiveCfg = Debug|Any CPU
		{711CE704-A550-48F9-8C12-6565D1E540C6}.Debug|ARM.Build.0 = Debug|Any CPU
		{711CE704-A550-48F9-8C12-6565D1E540C6}.Debug|iPhone.ActiveCfg = Debug|Any CPU
		{711CE704-A550-48F9-8C12-6565D1E540C6}.Debug|iPhone.Build.0 = Debug|Any CPU
		{711CE704-A550-48F9-8C12-6565D1E540C6}.Debug|iPhoneSimulator.ActiveCfg = Debug|Any CPU
		{711CE704-A550-48F9-8C12-6565D1E540C6}.Debug|iPhoneSimulator.Build.0 = Debug|Any CPU
		{711CE704-A550-48F9-8C12-6565D1E540C6}.Debug|x64.ActiveCfg = Debug|Any CPU
		{711CE704-A550-48F9-8C12-6565D1E540C6}.Debug|x64.Build.0 = Debug|Any CPU
		{711CE704-A550-48F9-8C12-6565D1E540C6}.Debug|x86.ActiveCfg = Debug|Any CPU
		{711CE704-A550-48F9-8C12-6565D1E540C6}.Debug|x86.Build.0 = Debug|Any CPU
		{711CE704-A550-48F9-8C12-6565D1E540C6}.Release|Any CPU.ActiveCfg = Release|Any CPU
		{711CE704-A550-48F9-8C12-6565D1E540C6}.Release|Any CPU.Build.0 = Release|Any CPU
		{711CE704-A550-48F9-8C12-6565D1E540C6}.Release|ARM.ActiveCfg = Release|Any CPU
		{711CE704-A550-48F9-8C12-6565D1E540C6}.Release|ARM.Build.0 = Release|Any CPU
		{711CE704-A550-48F9-8C12-6565D1E540C6}.Release|iPhone.ActiveCfg = Release|Any CPU
		{711CE704-A550-48F9-8C12-6565D1E540C6}.Release|iPhone.Build.0 = Release|Any CPU
		{711CE704-A550-48F9-8C12-6565D1E540C6}.Release|iPhoneSimulator.ActiveCfg = Release|Any CPU
		{711CE704-A550-48F9-8C12-6565D1E540C6}.Release|iPhoneSimulator.Build.0 = Release|Any CPU
		{711CE704-A550-48F9-8C12-6565D1E540C6}.Release|x64.ActiveCfg = Release|Any CPU
		{711CE704-A550-48F9-8C12-6565D1E540C6}.Release|x64.Build.0 = Release|Any CPU
		{711CE704-A550-48F9-8C12-6565D1E540C6}.Release|x86.ActiveCfg = Release|Any CPU
		{711CE704-A550-48F9-8C12-6565D1E540C6}.Release|x86.Build.0 = Release|Any CPU
		{B907FBA8-CABF-43B4-A8F9-0D1006E51F47}.Ad-Hoc|Any CPU.ActiveCfg = Release|Any CPU
		{B907FBA8-CABF-43B4-A8F9-0D1006E51F47}.Ad-Hoc|Any CPU.Build.0 = Release|Any CPU
		{B907FBA8-CABF-43B4-A8F9-0D1006E51F47}.Ad-Hoc|ARM.ActiveCfg = Release|Any CPU
		{B907FBA8-CABF-43B4-A8F9-0D1006E51F47}.Ad-Hoc|ARM.Build.0 = Release|Any CPU
		{B907FBA8-CABF-43B4-A8F9-0D1006E51F47}.Ad-Hoc|iPhone.ActiveCfg = Release|Any CPU
		{B907FBA8-CABF-43B4-A8F9-0D1006E51F47}.Ad-Hoc|iPhone.Build.0 = Release|Any CPU
		{B907FBA8-CABF-43B4-A8F9-0D1006E51F47}.Ad-Hoc|iPhoneSimulator.ActiveCfg = Release|Any CPU
		{B907FBA8-CABF-43B4-A8F9-0D1006E51F47}.Ad-Hoc|iPhoneSimulator.Build.0 = Release|Any CPU
		{B907FBA8-CABF-43B4-A8F9-0D1006E51F47}.Ad-Hoc|x64.ActiveCfg = Release|Any CPU
		{B907FBA8-CABF-43B4-A8F9-0D1006E51F47}.Ad-Hoc|x64.Build.0 = Release|Any CPU
		{B907FBA8-CABF-43B4-A8F9-0D1006E51F47}.Ad-Hoc|x86.ActiveCfg = Release|Any CPU
		{B907FBA8-CABF-43B4-A8F9-0D1006E51F47}.Ad-Hoc|x86.Build.0 = Release|Any CPU
		{B907FBA8-CABF-43B4-A8F9-0D1006E51F47}.AppStore|Any CPU.ActiveCfg = Release|Any CPU
		{B907FBA8-CABF-43B4-A8F9-0D1006E51F47}.AppStore|Any CPU.Build.0 = Release|Any CPU
		{B907FBA8-CABF-43B4-A8F9-0D1006E51F47}.AppStore|ARM.ActiveCfg = Release|Any CPU
		{B907FBA8-CABF-43B4-A8F9-0D1006E51F47}.AppStore|ARM.Build.0 = Release|Any CPU
		{B907FBA8-CABF-43B4-A8F9-0D1006E51F47}.AppStore|iPhone.ActiveCfg = Release|Any CPU
		{B907FBA8-CABF-43B4-A8F9-0D1006E51F47}.AppStore|iPhone.Build.0 = Release|Any CPU
		{B907FBA8-CABF-43B4-A8F9-0D1006E51F47}.AppStore|iPhoneSimulator.ActiveCfg = Release|Any CPU
		{B907FBA8-CABF-43B4-A8F9-0D1006E51F47}.AppStore|iPhoneSimulator.Build.0 = Release|Any CPU
		{B907FBA8-CABF-43B4-A8F9-0D1006E51F47}.AppStore|x64.ActiveCfg = Release|Any CPU
		{B907FBA8-CABF-43B4-A8F9-0D1006E51F47}.AppStore|x64.Build.0 = Release|Any CPU
		{B907FBA8-CABF-43B4-A8F9-0D1006E51F47}.AppStore|x86.ActiveCfg = Release|Any CPU
		{B907FBA8-CABF-43B4-A8F9-0D1006E51F47}.AppStore|x86.Build.0 = Release|Any CPU
		{B907FBA8-CABF-43B4-A8F9-0D1006E51F47}.Debug|Any CPU.ActiveCfg = Debug|Any CPU
		{B907FBA8-CABF-43B4-A8F9-0D1006E51F47}.Debug|Any CPU.Build.0 = Debug|Any CPU
		{B907FBA8-CABF-43B4-A8F9-0D1006E51F47}.Debug|ARM.ActiveCfg = Debug|Any CPU
		{B907FBA8-CABF-43B4-A8F9-0D1006E51F47}.Debug|ARM.Build.0 = Debug|Any CPU
		{B907FBA8-CABF-43B4-A8F9-0D1006E51F47}.Debug|iPhone.ActiveCfg = Debug|Any CPU
		{B907FBA8-CABF-43B4-A8F9-0D1006E51F47}.Debug|iPhone.Build.0 = Debug|Any CPU
		{B907FBA8-CABF-43B4-A8F9-0D1006E51F47}.Debug|iPhoneSimulator.ActiveCfg = Debug|Any CPU
		{B907FBA8-CABF-43B4-A8F9-0D1006E51F47}.Debug|iPhoneSimulator.Build.0 = Debug|Any CPU
		{B907FBA8-CABF-43B4-A8F9-0D1006E51F47}.Debug|x64.ActiveCfg = Debug|Any CPU
		{B907FBA8-CABF-43B4-A8F9-0D1006E51F47}.Debug|x64.Build.0 = Debug|Any CPU
		{B907FBA8-CABF-43B4-A8F9-0D1006E51F47}.Debug|x86.ActiveCfg = Debug|Any CPU
		{B907FBA8-CABF-43B4-A8F9-0D1006E51F47}.Debug|x86.Build.0 = Debug|Any CPU
		{B907FBA8-CABF-43B4-A8F9-0D1006E51F47}.Release|Any CPU.ActiveCfg = Release|Any CPU
		{B907FBA8-CABF-43B4-A8F9-0D1006E51F47}.Release|Any CPU.Build.0 = Release|Any CPU
		{B907FBA8-CABF-43B4-A8F9-0D1006E51F47}.Release|ARM.ActiveCfg = Release|Any CPU
		{B907FBA8-CABF-43B4-A8F9-0D1006E51F47}.Release|ARM.Build.0 = Release|Any CPU
		{B907FBA8-CABF-43B4-A8F9-0D1006E51F47}.Release|iPhone.ActiveCfg = Release|Any CPU
		{B907FBA8-CABF-43B4-A8F9-0D1006E51F47}.Release|iPhone.Build.0 = Release|Any CPU
		{B907FBA8-CABF-43B4-A8F9-0D1006E51F47}.Release|iPhoneSimulator.ActiveCfg = Release|Any CPU
		{B907FBA8-CABF-43B4-A8F9-0D1006E51F47}.Release|iPhoneSimulator.Build.0 = Release|Any CPU
		{B907FBA8-CABF-43B4-A8F9-0D1006E51F47}.Release|x64.ActiveCfg = Release|Any CPU
		{B907FBA8-CABF-43B4-A8F9-0D1006E51F47}.Release|x64.Build.0 = Release|Any CPU
		{B907FBA8-CABF-43B4-A8F9-0D1006E51F47}.Release|x86.ActiveCfg = Release|Any CPU
		{B907FBA8-CABF-43B4-A8F9-0D1006E51F47}.Release|x86.Build.0 = Release|Any CPU
		{CA869354-833D-4806-91AC-8CF59C172A86}.Ad-Hoc|Any CPU.ActiveCfg = Release|Any CPU
		{CA869354-833D-4806-91AC-8CF59C172A86}.Ad-Hoc|Any CPU.Build.0 = Release|Any CPU
		{CA869354-833D-4806-91AC-8CF59C172A86}.Ad-Hoc|ARM.ActiveCfg = Release|Any CPU
		{CA869354-833D-4806-91AC-8CF59C172A86}.Ad-Hoc|ARM.Build.0 = Release|Any CPU
		{CA869354-833D-4806-91AC-8CF59C172A86}.Ad-Hoc|iPhone.ActiveCfg = Release|Any CPU
		{CA869354-833D-4806-91AC-8CF59C172A86}.Ad-Hoc|iPhone.Build.0 = Release|Any CPU
		{CA869354-833D-4806-91AC-8CF59C172A86}.Ad-Hoc|iPhoneSimulator.ActiveCfg = Release|Any CPU
		{CA869354-833D-4806-91AC-8CF59C172A86}.Ad-Hoc|iPhoneSimulator.Build.0 = Release|Any CPU
		{CA869354-833D-4806-91AC-8CF59C172A86}.Ad-Hoc|x64.ActiveCfg = Release|Any CPU
		{CA869354-833D-4806-91AC-8CF59C172A86}.Ad-Hoc|x64.Build.0 = Release|Any CPU
		{CA869354-833D-4806-91AC-8CF59C172A86}.Ad-Hoc|x86.ActiveCfg = Release|Any CPU
		{CA869354-833D-4806-91AC-8CF59C172A86}.Ad-Hoc|x86.Build.0 = Release|Any CPU
		{CA869354-833D-4806-91AC-8CF59C172A86}.AppStore|Any CPU.ActiveCfg = Release|Any CPU
		{CA869354-833D-4806-91AC-8CF59C172A86}.AppStore|Any CPU.Build.0 = Release|Any CPU
		{CA869354-833D-4806-91AC-8CF59C172A86}.AppStore|ARM.ActiveCfg = Release|Any CPU
		{CA869354-833D-4806-91AC-8CF59C172A86}.AppStore|ARM.Build.0 = Release|Any CPU
		{CA869354-833D-4806-91AC-8CF59C172A86}.AppStore|iPhone.ActiveCfg = Release|Any CPU
		{CA869354-833D-4806-91AC-8CF59C172A86}.AppStore|iPhone.Build.0 = Release|Any CPU
		{CA869354-833D-4806-91AC-8CF59C172A86}.AppStore|iPhoneSimulator.ActiveCfg = Release|Any CPU
		{CA869354-833D-4806-91AC-8CF59C172A86}.AppStore|iPhoneSimulator.Build.0 = Release|Any CPU
		{CA869354-833D-4806-91AC-8CF59C172A86}.AppStore|x64.ActiveCfg = Release|Any CPU
		{CA869354-833D-4806-91AC-8CF59C172A86}.AppStore|x64.Build.0 = Release|Any CPU
		{CA869354-833D-4806-91AC-8CF59C172A86}.AppStore|x86.ActiveCfg = Release|Any CPU
		{CA869354-833D-4806-91AC-8CF59C172A86}.AppStore|x86.Build.0 = Release|Any CPU
		{CA869354-833D-4806-91AC-8CF59C172A86}.Debug|Any CPU.ActiveCfg = Debug|Any CPU
		{CA869354-833D-4806-91AC-8CF59C172A86}.Debug|Any CPU.Build.0 = Debug|Any CPU
		{CA869354-833D-4806-91AC-8CF59C172A86}.Debug|ARM.ActiveCfg = Debug|Any CPU
		{CA869354-833D-4806-91AC-8CF59C172A86}.Debug|ARM.Build.0 = Debug|Any CPU
		{CA869354-833D-4806-91AC-8CF59C172A86}.Debug|iPhone.ActiveCfg = Debug|Any CPU
		{CA869354-833D-4806-91AC-8CF59C172A86}.Debug|iPhone.Build.0 = Debug|Any CPU
		{CA869354-833D-4806-91AC-8CF59C172A86}.Debug|iPhoneSimulator.ActiveCfg = Debug|Any CPU
		{CA869354-833D-4806-91AC-8CF59C172A86}.Debug|iPhoneSimulator.Build.0 = Debug|Any CPU
		{CA869354-833D-4806-91AC-8CF59C172A86}.Debug|x64.ActiveCfg = Debug|Any CPU
		{CA869354-833D-4806-91AC-8CF59C172A86}.Debug|x64.Build.0 = Debug|Any CPU
		{CA869354-833D-4806-91AC-8CF59C172A86}.Debug|x86.ActiveCfg = Debug|Any CPU
		{CA869354-833D-4806-91AC-8CF59C172A86}.Debug|x86.Build.0 = Debug|Any CPU
		{CA869354-833D-4806-91AC-8CF59C172A86}.Release|Any CPU.ActiveCfg = Release|Any CPU
		{CA869354-833D-4806-91AC-8CF59C172A86}.Release|Any CPU.Build.0 = Release|Any CPU
		{CA869354-833D-4806-91AC-8CF59C172A86}.Release|ARM.ActiveCfg = Release|Any CPU
		{CA869354-833D-4806-91AC-8CF59C172A86}.Release|ARM.Build.0 = Release|Any CPU
		{CA869354-833D-4806-91AC-8CF59C172A86}.Release|iPhone.ActiveCfg = Release|Any CPU
		{CA869354-833D-4806-91AC-8CF59C172A86}.Release|iPhone.Build.0 = Release|Any CPU
		{CA869354-833D-4806-91AC-8CF59C172A86}.Release|iPhoneSimulator.ActiveCfg = Release|Any CPU
		{CA869354-833D-4806-91AC-8CF59C172A86}.Release|iPhoneSimulator.Build.0 = Release|Any CPU
		{CA869354-833D-4806-91AC-8CF59C172A86}.Release|x64.ActiveCfg = Release|Any CPU
		{CA869354-833D-4806-91AC-8CF59C172A86}.Release|x64.Build.0 = Release|Any CPU
		{CA869354-833D-4806-91AC-8CF59C172A86}.Release|x86.ActiveCfg = Release|Any CPU
		{CA869354-833D-4806-91AC-8CF59C172A86}.Release|x86.Build.0 = Release|Any CPU
		{47998622-D2A8-4682-A4C9-138A4D4E270E}.Ad-Hoc|Any CPU.ActiveCfg = Release|Any CPU
		{47998622-D2A8-4682-A4C9-138A4D4E270E}.Ad-Hoc|Any CPU.Build.0 = Release|Any CPU
		{47998622-D2A8-4682-A4C9-138A4D4E270E}.Ad-Hoc|ARM.ActiveCfg = Release|Any CPU
		{47998622-D2A8-4682-A4C9-138A4D4E270E}.Ad-Hoc|ARM.Build.0 = Release|Any CPU
		{47998622-D2A8-4682-A4C9-138A4D4E270E}.Ad-Hoc|iPhone.ActiveCfg = Release|Any CPU
		{47998622-D2A8-4682-A4C9-138A4D4E270E}.Ad-Hoc|iPhone.Build.0 = Release|Any CPU
		{47998622-D2A8-4682-A4C9-138A4D4E270E}.Ad-Hoc|iPhoneSimulator.ActiveCfg = Release|Any CPU
		{47998622-D2A8-4682-A4C9-138A4D4E270E}.Ad-Hoc|iPhoneSimulator.Build.0 = Release|Any CPU
		{47998622-D2A8-4682-A4C9-138A4D4E270E}.Ad-Hoc|x64.ActiveCfg = Release|Any CPU
		{47998622-D2A8-4682-A4C9-138A4D4E270E}.Ad-Hoc|x64.Build.0 = Release|Any CPU
		{47998622-D2A8-4682-A4C9-138A4D4E270E}.Ad-Hoc|x86.ActiveCfg = Release|Any CPU
		{47998622-D2A8-4682-A4C9-138A4D4E270E}.Ad-Hoc|x86.Build.0 = Release|Any CPU
		{47998622-D2A8-4682-A4C9-138A4D4E270E}.AppStore|Any CPU.ActiveCfg = Release|Any CPU
		{47998622-D2A8-4682-A4C9-138A4D4E270E}.AppStore|Any CPU.Build.0 = Release|Any CPU
		{47998622-D2A8-4682-A4C9-138A4D4E270E}.AppStore|ARM.ActiveCfg = Release|Any CPU
		{47998622-D2A8-4682-A4C9-138A4D4E270E}.AppStore|ARM.Build.0 = Release|Any CPU
		{47998622-D2A8-4682-A4C9-138A4D4E270E}.AppStore|iPhone.ActiveCfg = Release|Any CPU
		{47998622-D2A8-4682-A4C9-138A4D4E270E}.AppStore|iPhone.Build.0 = Release|Any CPU
		{47998622-D2A8-4682-A4C9-138A4D4E270E}.AppStore|iPhoneSimulator.ActiveCfg = Release|Any CPU
		{47998622-D2A8-4682-A4C9-138A4D4E270E}.AppStore|iPhoneSimulator.Build.0 = Release|Any CPU
		{47998622-D2A8-4682-A4C9-138A4D4E270E}.AppStore|x64.ActiveCfg = Release|Any CPU
		{47998622-D2A8-4682-A4C9-138A4D4E270E}.AppStore|x64.Build.0 = Release|Any CPU
		{47998622-D2A8-4682-A4C9-138A4D4E270E}.AppStore|x86.ActiveCfg = Release|Any CPU
		{47998622-D2A8-4682-A4C9-138A4D4E270E}.AppStore|x86.Build.0 = Release|Any CPU
		{47998622-D2A8-4682-A4C9-138A4D4E270E}.Debug|Any CPU.ActiveCfg = Debug|Any CPU
		{47998622-D2A8-4682-A4C9-138A4D4E270E}.Debug|Any CPU.Build.0 = Debug|Any CPU
		{47998622-D2A8-4682-A4C9-138A4D4E270E}.Debug|ARM.ActiveCfg = Debug|Any CPU
		{47998622-D2A8-4682-A4C9-138A4D4E270E}.Debug|ARM.Build.0 = Debug|Any CPU
		{47998622-D2A8-4682-A4C9-138A4D4E270E}.Debug|iPhone.ActiveCfg = Debug|Any CPU
		{47998622-D2A8-4682-A4C9-138A4D4E270E}.Debug|iPhone.Build.0 = Debug|Any CPU
		{47998622-D2A8-4682-A4C9-138A4D4E270E}.Debug|iPhoneSimulator.ActiveCfg = Debug|Any CPU
		{47998622-D2A8-4682-A4C9-138A4D4E270E}.Debug|iPhoneSimulator.Build.0 = Debug|Any CPU
		{47998622-D2A8-4682-A4C9-138A4D4E270E}.Debug|x64.ActiveCfg = Debug|Any CPU
		{47998622-D2A8-4682-A4C9-138A4D4E270E}.Debug|x64.Build.0 = Debug|Any CPU
		{47998622-D2A8-4682-A4C9-138A4D4E270E}.Debug|x86.ActiveCfg = Debug|Any CPU
		{47998622-D2A8-4682-A4C9-138A4D4E270E}.Debug|x86.Build.0 = Debug|Any CPU
		{47998622-D2A8-4682-A4C9-138A4D4E270E}.Release|Any CPU.ActiveCfg = Release|Any CPU
		{47998622-D2A8-4682-A4C9-138A4D4E270E}.Release|Any CPU.Build.0 = Release|Any CPU
		{47998622-D2A8-4682-A4C9-138A4D4E270E}.Release|ARM.ActiveCfg = Release|Any CPU
		{47998622-D2A8-4682-A4C9-138A4D4E270E}.Release|ARM.Build.0 = Release|Any CPU
		{47998622-D2A8-4682-A4C9-138A4D4E270E}.Release|iPhone.ActiveCfg = Release|Any CPU
		{47998622-D2A8-4682-A4C9-138A4D4E270E}.Release|iPhone.Build.0 = Release|Any CPU
		{47998622-D2A8-4682-A4C9-138A4D4E270E}.Release|iPhoneSimulator.ActiveCfg = Release|Any CPU
		{47998622-D2A8-4682-A4C9-138A4D4E270E}.Release|iPhoneSimulator.Build.0 = Release|Any CPU
		{47998622-D2A8-4682-A4C9-138A4D4E270E}.Release|x64.ActiveCfg = Release|Any CPU
		{47998622-D2A8-4682-A4C9-138A4D4E270E}.Release|x64.Build.0 = Release|Any CPU
		{47998622-D2A8-4682-A4C9-138A4D4E270E}.Release|x86.ActiveCfg = Release|Any CPU
		{47998622-D2A8-4682-A4C9-138A4D4E270E}.Release|x86.Build.0 = Release|Any CPU
		{4429AA89-5F80-4677-AC09-59FE2270457B}.Ad-Hoc|Any CPU.ActiveCfg = Release|iPhoneSimulator
		{4429AA89-5F80-4677-AC09-59FE2270457B}.Ad-Hoc|ARM.ActiveCfg = Release|iPhoneSimulator
		{4429AA89-5F80-4677-AC09-59FE2270457B}.Ad-Hoc|iPhone.ActiveCfg = Release|iPhone
		{4429AA89-5F80-4677-AC09-59FE2270457B}.Ad-Hoc|iPhoneSimulator.ActiveCfg = Release|iPhoneSimulator
		{4429AA89-5F80-4677-AC09-59FE2270457B}.Ad-Hoc|x64.ActiveCfg = Release|iPhoneSimulator
		{4429AA89-5F80-4677-AC09-59FE2270457B}.Ad-Hoc|x86.ActiveCfg = Release|iPhoneSimulator
		{4429AA89-5F80-4677-AC09-59FE2270457B}.AppStore|Any CPU.ActiveCfg = Release|iPhoneSimulator
		{4429AA89-5F80-4677-AC09-59FE2270457B}.AppStore|ARM.ActiveCfg = Release|iPhoneSimulator
		{4429AA89-5F80-4677-AC09-59FE2270457B}.AppStore|iPhone.ActiveCfg = Release|iPhone
		{4429AA89-5F80-4677-AC09-59FE2270457B}.AppStore|iPhoneSimulator.ActiveCfg = Release|iPhoneSimulator
		{4429AA89-5F80-4677-AC09-59FE2270457B}.AppStore|x64.ActiveCfg = Release|iPhoneSimulator
		{4429AA89-5F80-4677-AC09-59FE2270457B}.AppStore|x86.ActiveCfg = Release|iPhoneSimulator
		{4429AA89-5F80-4677-AC09-59FE2270457B}.Debug|Any CPU.ActiveCfg = Debug|iPhoneSimulator
		{4429AA89-5F80-4677-AC09-59FE2270457B}.Debug|Any CPU.Build.0 = Debug|iPhoneSimulator
		{4429AA89-5F80-4677-AC09-59FE2270457B}.Debug|ARM.ActiveCfg = Debug|iPhone
		{4429AA89-5F80-4677-AC09-59FE2270457B}.Debug|iPhone.ActiveCfg = Debug|iPhone
		{4429AA89-5F80-4677-AC09-59FE2270457B}.Debug|iPhone.Build.0 = Debug|iPhone
		{4429AA89-5F80-4677-AC09-59FE2270457B}.Debug|iPhoneSimulator.ActiveCfg = Debug|iPhoneSimulator
		{4429AA89-5F80-4677-AC09-59FE2270457B}.Debug|iPhoneSimulator.Build.0 = Debug|iPhoneSimulator
		{4429AA89-5F80-4677-AC09-59FE2270457B}.Debug|x64.ActiveCfg = Debug|iPhone
		{4429AA89-5F80-4677-AC09-59FE2270457B}.Debug|x86.ActiveCfg = Debug|iPhone
		{4429AA89-5F80-4677-AC09-59FE2270457B}.Release|Any CPU.ActiveCfg = Release|iPhone
		{4429AA89-5F80-4677-AC09-59FE2270457B}.Release|Any CPU.Build.0 = Release|iPhone
		{4429AA89-5F80-4677-AC09-59FE2270457B}.Release|ARM.ActiveCfg = Release|iPhoneSimulator
		{4429AA89-5F80-4677-AC09-59FE2270457B}.Release|iPhone.ActiveCfg = Release|iPhone
		{4429AA89-5F80-4677-AC09-59FE2270457B}.Release|iPhone.Build.0 = Release|iPhone
		{4429AA89-5F80-4677-AC09-59FE2270457B}.Release|iPhoneSimulator.ActiveCfg = Release|iPhoneSimulator
		{4429AA89-5F80-4677-AC09-59FE2270457B}.Release|iPhoneSimulator.Build.0 = Release|iPhoneSimulator
		{4429AA89-5F80-4677-AC09-59FE2270457B}.Release|x64.ActiveCfg = Release|iPhoneSimulator
		{4429AA89-5F80-4677-AC09-59FE2270457B}.Release|x86.ActiveCfg = Release|iPhoneSimulator
		{9955BFD1-892B-4C4C-A362-C6977621B6FB}.Ad-Hoc|Any CPU.ActiveCfg = Release|Any CPU
		{9955BFD1-892B-4C4C-A362-C6977621B6FB}.Ad-Hoc|ARM.ActiveCfg = Release|Any CPU
		{9955BFD1-892B-4C4C-A362-C6977621B6FB}.Ad-Hoc|iPhone.ActiveCfg = Release|Any CPU
		{9955BFD1-892B-4C4C-A362-C6977621B6FB}.Ad-Hoc|iPhoneSimulator.ActiveCfg = Release|Any CPU
		{9955BFD1-892B-4C4C-A362-C6977621B6FB}.Ad-Hoc|x64.ActiveCfg = Release|Any CPU
		{9955BFD1-892B-4C4C-A362-C6977621B6FB}.Ad-Hoc|x86.ActiveCfg = Release|Any CPU
		{9955BFD1-892B-4C4C-A362-C6977621B6FB}.AppStore|Any CPU.ActiveCfg = Release|Any CPU
		{9955BFD1-892B-4C4C-A362-C6977621B6FB}.AppStore|ARM.ActiveCfg = Release|Any CPU
		{9955BFD1-892B-4C4C-A362-C6977621B6FB}.AppStore|iPhone.ActiveCfg = Release|Any CPU
		{9955BFD1-892B-4C4C-A362-C6977621B6FB}.AppStore|iPhoneSimulator.ActiveCfg = Release|Any CPU
		{9955BFD1-892B-4C4C-A362-C6977621B6FB}.AppStore|x64.ActiveCfg = Release|Any CPU
		{9955BFD1-892B-4C4C-A362-C6977621B6FB}.AppStore|x86.ActiveCfg = Release|Any CPU
		{9955BFD1-892B-4C4C-A362-C6977621B6FB}.Debug|Any CPU.ActiveCfg = Debug|Any CPU
		{9955BFD1-892B-4C4C-A362-C6977621B6FB}.Debug|Any CPU.Build.0 = Debug|Any CPU
		{9955BFD1-892B-4C4C-A362-C6977621B6FB}.Debug|ARM.ActiveCfg = Debug|Any CPU
		{9955BFD1-892B-4C4C-A362-C6977621B6FB}.Debug|iPhone.ActiveCfg = Debug|Any CPU
		{9955BFD1-892B-4C4C-A362-C6977621B6FB}.Debug|iPhone.Build.0 = Debug|Any CPU
		{9955BFD1-892B-4C4C-A362-C6977621B6FB}.Debug|iPhoneSimulator.ActiveCfg = Debug|Any CPU
		{9955BFD1-892B-4C4C-A362-C6977621B6FB}.Debug|iPhoneSimulator.Build.0 = Debug|Any CPU
		{9955BFD1-892B-4C4C-A362-C6977621B6FB}.Debug|x64.ActiveCfg = Debug|Any CPU
		{9955BFD1-892B-4C4C-A362-C6977621B6FB}.Debug|x86.ActiveCfg = Debug|Any CPU
		{9955BFD1-892B-4C4C-A362-C6977621B6FB}.Release|Any CPU.ActiveCfg = Release|Any CPU
		{9955BFD1-892B-4C4C-A362-C6977621B6FB}.Release|Any CPU.Build.0 = Release|Any CPU
		{9955BFD1-892B-4C4C-A362-C6977621B6FB}.Release|ARM.ActiveCfg = Release|Any CPU
		{9955BFD1-892B-4C4C-A362-C6977621B6FB}.Release|iPhone.ActiveCfg = Release|Any CPU
		{9955BFD1-892B-4C4C-A362-C6977621B6FB}.Release|iPhone.Build.0 = Release|Any CPU
		{9955BFD1-892B-4C4C-A362-C6977621B6FB}.Release|iPhoneSimulator.ActiveCfg = Release|Any CPU
		{9955BFD1-892B-4C4C-A362-C6977621B6FB}.Release|iPhoneSimulator.Build.0 = Release|Any CPU
		{9955BFD1-892B-4C4C-A362-C6977621B6FB}.Release|x64.ActiveCfg = Release|Any CPU
		{9955BFD1-892B-4C4C-A362-C6977621B6FB}.Release|x86.ActiveCfg = Release|Any CPU
		{7DA4CB6E-BEAD-46B0-AA8A-F158D263A82E}.Ad-Hoc|Any CPU.ActiveCfg = Release|Any CPU
		{7DA4CB6E-BEAD-46B0-AA8A-F158D263A82E}.Ad-Hoc|Any CPU.Build.0 = Release|Any CPU
		{7DA4CB6E-BEAD-46B0-AA8A-F158D263A82E}.Ad-Hoc|Any CPU.Deploy.0 = Release|Any CPU
		{7DA4CB6E-BEAD-46B0-AA8A-F158D263A82E}.Ad-Hoc|ARM.ActiveCfg = Release|Any CPU
		{7DA4CB6E-BEAD-46B0-AA8A-F158D263A82E}.Ad-Hoc|ARM.Build.0 = Release|Any CPU
		{7DA4CB6E-BEAD-46B0-AA8A-F158D263A82E}.Ad-Hoc|ARM.Deploy.0 = Release|Any CPU
		{7DA4CB6E-BEAD-46B0-AA8A-F158D263A82E}.Ad-Hoc|iPhone.ActiveCfg = Release|Any CPU
		{7DA4CB6E-BEAD-46B0-AA8A-F158D263A82E}.Ad-Hoc|iPhone.Build.0 = Release|Any CPU
		{7DA4CB6E-BEAD-46B0-AA8A-F158D263A82E}.Ad-Hoc|iPhone.Deploy.0 = Release|Any CPU
		{7DA4CB6E-BEAD-46B0-AA8A-F158D263A82E}.Ad-Hoc|iPhoneSimulator.ActiveCfg = Release|Any CPU
		{7DA4CB6E-BEAD-46B0-AA8A-F158D263A82E}.Ad-Hoc|iPhoneSimulator.Build.0 = Release|Any CPU
		{7DA4CB6E-BEAD-46B0-AA8A-F158D263A82E}.Ad-Hoc|iPhoneSimulator.Deploy.0 = Release|Any CPU
		{7DA4CB6E-BEAD-46B0-AA8A-F158D263A82E}.Ad-Hoc|x64.ActiveCfg = Release|Any CPU
		{7DA4CB6E-BEAD-46B0-AA8A-F158D263A82E}.Ad-Hoc|x64.Build.0 = Release|Any CPU
		{7DA4CB6E-BEAD-46B0-AA8A-F158D263A82E}.Ad-Hoc|x64.Deploy.0 = Release|Any CPU
		{7DA4CB6E-BEAD-46B0-AA8A-F158D263A82E}.Ad-Hoc|x86.ActiveCfg = Release|Any CPU
		{7DA4CB6E-BEAD-46B0-AA8A-F158D263A82E}.Ad-Hoc|x86.Build.0 = Release|Any CPU
		{7DA4CB6E-BEAD-46B0-AA8A-F158D263A82E}.Ad-Hoc|x86.Deploy.0 = Release|Any CPU
		{7DA4CB6E-BEAD-46B0-AA8A-F158D263A82E}.AppStore|Any CPU.ActiveCfg = Release|Any CPU
		{7DA4CB6E-BEAD-46B0-AA8A-F158D263A82E}.AppStore|Any CPU.Build.0 = Release|Any CPU
		{7DA4CB6E-BEAD-46B0-AA8A-F158D263A82E}.AppStore|Any CPU.Deploy.0 = Release|Any CPU
		{7DA4CB6E-BEAD-46B0-AA8A-F158D263A82E}.AppStore|ARM.ActiveCfg = Release|Any CPU
		{7DA4CB6E-BEAD-46B0-AA8A-F158D263A82E}.AppStore|ARM.Build.0 = Release|Any CPU
		{7DA4CB6E-BEAD-46B0-AA8A-F158D263A82E}.AppStore|ARM.Deploy.0 = Release|Any CPU
		{7DA4CB6E-BEAD-46B0-AA8A-F158D263A82E}.AppStore|iPhone.ActiveCfg = Release|Any CPU
		{7DA4CB6E-BEAD-46B0-AA8A-F158D263A82E}.AppStore|iPhone.Build.0 = Release|Any CPU
		{7DA4CB6E-BEAD-46B0-AA8A-F158D263A82E}.AppStore|iPhone.Deploy.0 = Release|Any CPU
		{7DA4CB6E-BEAD-46B0-AA8A-F158D263A82E}.AppStore|iPhoneSimulator.ActiveCfg = Release|Any CPU
		{7DA4CB6E-BEAD-46B0-AA8A-F158D263A82E}.AppStore|iPhoneSimulator.Build.0 = Release|Any CPU
		{7DA4CB6E-BEAD-46B0-AA8A-F158D263A82E}.AppStore|iPhoneSimulator.Deploy.0 = Release|Any CPU
		{7DA4CB6E-BEAD-46B0-AA8A-F158D263A82E}.AppStore|x64.ActiveCfg = Release|Any CPU
		{7DA4CB6E-BEAD-46B0-AA8A-F158D263A82E}.AppStore|x64.Build.0 = Release|Any CPU
		{7DA4CB6E-BEAD-46B0-AA8A-F158D263A82E}.AppStore|x64.Deploy.0 = Release|Any CPU
		{7DA4CB6E-BEAD-46B0-AA8A-F158D263A82E}.AppStore|x86.ActiveCfg = Release|Any CPU
		{7DA4CB6E-BEAD-46B0-AA8A-F158D263A82E}.AppStore|x86.Build.0 = Release|Any CPU
		{7DA4CB6E-BEAD-46B0-AA8A-F158D263A82E}.AppStore|x86.Deploy.0 = Release|Any CPU
		{7DA4CB6E-BEAD-46B0-AA8A-F158D263A82E}.Debug|Any CPU.ActiveCfg = Debug|Any CPU
		{7DA4CB6E-BEAD-46B0-AA8A-F158D263A82E}.Debug|Any CPU.Build.0 = Debug|Any CPU
		{7DA4CB6E-BEAD-46B0-AA8A-F158D263A82E}.Debug|Any CPU.Deploy.0 = Debug|Any CPU
		{7DA4CB6E-BEAD-46B0-AA8A-F158D263A82E}.Debug|ARM.ActiveCfg = Debug|Any CPU
		{7DA4CB6E-BEAD-46B0-AA8A-F158D263A82E}.Debug|ARM.Build.0 = Debug|Any CPU
		{7DA4CB6E-BEAD-46B0-AA8A-F158D263A82E}.Debug|ARM.Deploy.0 = Debug|Any CPU
		{7DA4CB6E-BEAD-46B0-AA8A-F158D263A82E}.Debug|iPhone.ActiveCfg = Debug|Any CPU
		{7DA4CB6E-BEAD-46B0-AA8A-F158D263A82E}.Debug|iPhone.Build.0 = Debug|Any CPU
		{7DA4CB6E-BEAD-46B0-AA8A-F158D263A82E}.Debug|iPhone.Deploy.0 = Debug|Any CPU
		{7DA4CB6E-BEAD-46B0-AA8A-F158D263A82E}.Debug|iPhoneSimulator.ActiveCfg = Debug|Any CPU
		{7DA4CB6E-BEAD-46B0-AA8A-F158D263A82E}.Debug|iPhoneSimulator.Build.0 = Debug|Any CPU
		{7DA4CB6E-BEAD-46B0-AA8A-F158D263A82E}.Debug|iPhoneSimulator.Deploy.0 = Debug|Any CPU
		{7DA4CB6E-BEAD-46B0-AA8A-F158D263A82E}.Debug|x64.ActiveCfg = Debug|Any CPU
		{7DA4CB6E-BEAD-46B0-AA8A-F158D263A82E}.Debug|x64.Build.0 = Debug|Any CPU
		{7DA4CB6E-BEAD-46B0-AA8A-F158D263A82E}.Debug|x64.Deploy.0 = Debug|Any CPU
		{7DA4CB6E-BEAD-46B0-AA8A-F158D263A82E}.Debug|x86.ActiveCfg = Debug|Any CPU
		{7DA4CB6E-BEAD-46B0-AA8A-F158D263A82E}.Debug|x86.Build.0 = Debug|Any CPU
		{7DA4CB6E-BEAD-46B0-AA8A-F158D263A82E}.Debug|x86.Deploy.0 = Debug|Any CPU
		{7DA4CB6E-BEAD-46B0-AA8A-F158D263A82E}.Release|Any CPU.ActiveCfg = Release|Any CPU
		{7DA4CB6E-BEAD-46B0-AA8A-F158D263A82E}.Release|Any CPU.Build.0 = Release|Any CPU
		{7DA4CB6E-BEAD-46B0-AA8A-F158D263A82E}.Release|Any CPU.Deploy.0 = Release|Any CPU
		{7DA4CB6E-BEAD-46B0-AA8A-F158D263A82E}.Release|ARM.ActiveCfg = Release|Any CPU
		{7DA4CB6E-BEAD-46B0-AA8A-F158D263A82E}.Release|ARM.Build.0 = Release|Any CPU
		{7DA4CB6E-BEAD-46B0-AA8A-F158D263A82E}.Release|ARM.Deploy.0 = Release|Any CPU
		{7DA4CB6E-BEAD-46B0-AA8A-F158D263A82E}.Release|iPhone.ActiveCfg = Release|Any CPU
		{7DA4CB6E-BEAD-46B0-AA8A-F158D263A82E}.Release|iPhone.Build.0 = Release|Any CPU
		{7DA4CB6E-BEAD-46B0-AA8A-F158D263A82E}.Release|iPhone.Deploy.0 = Release|Any CPU
		{7DA4CB6E-BEAD-46B0-AA8A-F158D263A82E}.Release|iPhoneSimulator.ActiveCfg = Release|Any CPU
		{7DA4CB6E-BEAD-46B0-AA8A-F158D263A82E}.Release|iPhoneSimulator.Build.0 = Release|Any CPU
		{7DA4CB6E-BEAD-46B0-AA8A-F158D263A82E}.Release|iPhoneSimulator.Deploy.0 = Release|Any CPU
		{7DA4CB6E-BEAD-46B0-AA8A-F158D263A82E}.Release|x64.ActiveCfg = Release|Any CPU
		{7DA4CB6E-BEAD-46B0-AA8A-F158D263A82E}.Release|x64.Build.0 = Release|Any CPU
		{7DA4CB6E-BEAD-46B0-AA8A-F158D263A82E}.Release|x64.Deploy.0 = Release|Any CPU
		{7DA4CB6E-BEAD-46B0-AA8A-F158D263A82E}.Release|x86.ActiveCfg = Release|Any CPU
		{7DA4CB6E-BEAD-46B0-AA8A-F158D263A82E}.Release|x86.Build.0 = Release|Any CPU
		{7DA4CB6E-BEAD-46B0-AA8A-F158D263A82E}.Release|x86.Deploy.0 = Release|Any CPU
		{58143ED7-6046-4154-9470-13B1A441BE15}.Ad-Hoc|Any CPU.ActiveCfg = Ad-Hoc|iPhone
		{58143ED7-6046-4154-9470-13B1A441BE15}.Ad-Hoc|ARM.ActiveCfg = Ad-Hoc|iPhone
		{58143ED7-6046-4154-9470-13B1A441BE15}.Ad-Hoc|iPhone.ActiveCfg = Ad-Hoc|iPhone
		{58143ED7-6046-4154-9470-13B1A441BE15}.Ad-Hoc|iPhone.Build.0 = Ad-Hoc|iPhone
		{58143ED7-6046-4154-9470-13B1A441BE15}.Ad-Hoc|iPhoneSimulator.ActiveCfg = Ad-Hoc|iPhoneSimulator
		{58143ED7-6046-4154-9470-13B1A441BE15}.Ad-Hoc|iPhoneSimulator.Build.0 = Ad-Hoc|iPhoneSimulator
		{58143ED7-6046-4154-9470-13B1A441BE15}.Ad-Hoc|x64.ActiveCfg = Ad-Hoc|iPhone
		{58143ED7-6046-4154-9470-13B1A441BE15}.Ad-Hoc|x86.ActiveCfg = Ad-Hoc|iPhone
		{58143ED7-6046-4154-9470-13B1A441BE15}.AppStore|Any CPU.ActiveCfg = AppStore|iPhone
		{58143ED7-6046-4154-9470-13B1A441BE15}.AppStore|ARM.ActiveCfg = AppStore|iPhone
		{58143ED7-6046-4154-9470-13B1A441BE15}.AppStore|iPhone.ActiveCfg = AppStore|iPhone
		{58143ED7-6046-4154-9470-13B1A441BE15}.AppStore|iPhone.Build.0 = AppStore|iPhone
		{58143ED7-6046-4154-9470-13B1A441BE15}.AppStore|iPhoneSimulator.ActiveCfg = AppStore|iPhoneSimulator
		{58143ED7-6046-4154-9470-13B1A441BE15}.AppStore|iPhoneSimulator.Build.0 = AppStore|iPhoneSimulator
		{58143ED7-6046-4154-9470-13B1A441BE15}.AppStore|x64.ActiveCfg = AppStore|iPhone
		{58143ED7-6046-4154-9470-13B1A441BE15}.AppStore|x86.ActiveCfg = AppStore|iPhone
		{58143ED7-6046-4154-9470-13B1A441BE15}.Debug|Any CPU.ActiveCfg = Debug|iPhone
		{58143ED7-6046-4154-9470-13B1A441BE15}.Debug|ARM.ActiveCfg = Debug|iPhone
		{58143ED7-6046-4154-9470-13B1A441BE15}.Debug|iPhone.ActiveCfg = Debug|iPhone
		{58143ED7-6046-4154-9470-13B1A441BE15}.Debug|iPhone.Build.0 = Debug|iPhone
		{58143ED7-6046-4154-9470-13B1A441BE15}.Debug|iPhoneSimulator.ActiveCfg = Debug|iPhoneSimulator
		{58143ED7-6046-4154-9470-13B1A441BE15}.Debug|iPhoneSimulator.Build.0 = Debug|iPhoneSimulator
		{58143ED7-6046-4154-9470-13B1A441BE15}.Debug|x64.ActiveCfg = Debug|iPhone
		{58143ED7-6046-4154-9470-13B1A441BE15}.Debug|x86.ActiveCfg = Debug|iPhone
		{58143ED7-6046-4154-9470-13B1A441BE15}.Release|Any CPU.ActiveCfg = Release|iPhone
		{58143ED7-6046-4154-9470-13B1A441BE15}.Release|ARM.ActiveCfg = Release|iPhone
		{58143ED7-6046-4154-9470-13B1A441BE15}.Release|iPhone.ActiveCfg = Release|iPhone
		{58143ED7-6046-4154-9470-13B1A441BE15}.Release|iPhone.Build.0 = Release|iPhone
		{58143ED7-6046-4154-9470-13B1A441BE15}.Release|iPhoneSimulator.ActiveCfg = Release|iPhoneSimulator
		{58143ED7-6046-4154-9470-13B1A441BE15}.Release|iPhoneSimulator.Build.0 = Release|iPhoneSimulator
		{58143ED7-6046-4154-9470-13B1A441BE15}.Release|x64.ActiveCfg = Release|iPhone
		{58143ED7-6046-4154-9470-13B1A441BE15}.Release|x86.ActiveCfg = Release|iPhone
		{1866E15B-9744-47EF-85E0-302684D1CC73}.Ad-Hoc|Any CPU.ActiveCfg = Debug|Any CPU
		{1866E15B-9744-47EF-85E0-302684D1CC73}.Ad-Hoc|Any CPU.Build.0 = Debug|Any CPU
		{1866E15B-9744-47EF-85E0-302684D1CC73}.Ad-Hoc|ARM.ActiveCfg = Debug|Any CPU
		{1866E15B-9744-47EF-85E0-302684D1CC73}.Ad-Hoc|ARM.Build.0 = Debug|Any CPU
		{1866E15B-9744-47EF-85E0-302684D1CC73}.Ad-Hoc|iPhone.ActiveCfg = Debug|Any CPU
		{1866E15B-9744-47EF-85E0-302684D1CC73}.Ad-Hoc|iPhone.Build.0 = Debug|Any CPU
		{1866E15B-9744-47EF-85E0-302684D1CC73}.Ad-Hoc|iPhoneSimulator.ActiveCfg = Debug|Any CPU
		{1866E15B-9744-47EF-85E0-302684D1CC73}.Ad-Hoc|iPhoneSimulator.Build.0 = Debug|Any CPU
		{1866E15B-9744-47EF-85E0-302684D1CC73}.Ad-Hoc|x64.ActiveCfg = Debug|Any CPU
		{1866E15B-9744-47EF-85E0-302684D1CC73}.Ad-Hoc|x64.Build.0 = Debug|Any CPU
		{1866E15B-9744-47EF-85E0-302684D1CC73}.Ad-Hoc|x86.ActiveCfg = Debug|Any CPU
		{1866E15B-9744-47EF-85E0-302684D1CC73}.Ad-Hoc|x86.Build.0 = Debug|Any CPU
		{1866E15B-9744-47EF-85E0-302684D1CC73}.AppStore|Any CPU.ActiveCfg = Debug|Any CPU
		{1866E15B-9744-47EF-85E0-302684D1CC73}.AppStore|Any CPU.Build.0 = Debug|Any CPU
		{1866E15B-9744-47EF-85E0-302684D1CC73}.AppStore|ARM.ActiveCfg = Debug|Any CPU
		{1866E15B-9744-47EF-85E0-302684D1CC73}.AppStore|ARM.Build.0 = Debug|Any CPU
		{1866E15B-9744-47EF-85E0-302684D1CC73}.AppStore|iPhone.ActiveCfg = Debug|Any CPU
		{1866E15B-9744-47EF-85E0-302684D1CC73}.AppStore|iPhone.Build.0 = Debug|Any CPU
		{1866E15B-9744-47EF-85E0-302684D1CC73}.AppStore|iPhoneSimulator.ActiveCfg = Debug|Any CPU
		{1866E15B-9744-47EF-85E0-302684D1CC73}.AppStore|iPhoneSimulator.Build.0 = Debug|Any CPU
		{1866E15B-9744-47EF-85E0-302684D1CC73}.AppStore|x64.ActiveCfg = Debug|Any CPU
		{1866E15B-9744-47EF-85E0-302684D1CC73}.AppStore|x64.Build.0 = Debug|Any CPU
		{1866E15B-9744-47EF-85E0-302684D1CC73}.AppStore|x86.ActiveCfg = Debug|Any CPU
		{1866E15B-9744-47EF-85E0-302684D1CC73}.AppStore|x86.Build.0 = Debug|Any CPU
		{1866E15B-9744-47EF-85E0-302684D1CC73}.Debug|Any CPU.ActiveCfg = Debug|Any CPU
		{1866E15B-9744-47EF-85E0-302684D1CC73}.Debug|Any CPU.Build.0 = Debug|Any CPU
		{1866E15B-9744-47EF-85E0-302684D1CC73}.Debug|ARM.ActiveCfg = Debug|Any CPU
		{1866E15B-9744-47EF-85E0-302684D1CC73}.Debug|ARM.Build.0 = Debug|Any CPU
		{1866E15B-9744-47EF-85E0-302684D1CC73}.Debug|iPhone.ActiveCfg = Debug|Any CPU
		{1866E15B-9744-47EF-85E0-302684D1CC73}.Debug|iPhone.Build.0 = Debug|Any CPU
		{1866E15B-9744-47EF-85E0-302684D1CC73}.Debug|iPhoneSimulator.ActiveCfg = Debug|Any CPU
		{1866E15B-9744-47EF-85E0-302684D1CC73}.Debug|iPhoneSimulator.Build.0 = Debug|Any CPU
		{1866E15B-9744-47EF-85E0-302684D1CC73}.Debug|x64.ActiveCfg = Debug|Any CPU
		{1866E15B-9744-47EF-85E0-302684D1CC73}.Debug|x64.Build.0 = Debug|Any CPU
		{1866E15B-9744-47EF-85E0-302684D1CC73}.Debug|x86.ActiveCfg = Debug|Any CPU
		{1866E15B-9744-47EF-85E0-302684D1CC73}.Debug|x86.Build.0 = Debug|Any CPU
		{1866E15B-9744-47EF-85E0-302684D1CC73}.Release|Any CPU.ActiveCfg = Release|Any CPU
		{1866E15B-9744-47EF-85E0-302684D1CC73}.Release|Any CPU.Build.0 = Release|Any CPU
		{1866E15B-9744-47EF-85E0-302684D1CC73}.Release|ARM.ActiveCfg = Release|Any CPU
		{1866E15B-9744-47EF-85E0-302684D1CC73}.Release|ARM.Build.0 = Release|Any CPU
		{1866E15B-9744-47EF-85E0-302684D1CC73}.Release|iPhone.ActiveCfg = Release|Any CPU
		{1866E15B-9744-47EF-85E0-302684D1CC73}.Release|iPhone.Build.0 = Release|Any CPU
		{1866E15B-9744-47EF-85E0-302684D1CC73}.Release|iPhoneSimulator.ActiveCfg = Release|Any CPU
		{1866E15B-9744-47EF-85E0-302684D1CC73}.Release|iPhoneSimulator.Build.0 = Release|Any CPU
		{1866E15B-9744-47EF-85E0-302684D1CC73}.Release|x64.ActiveCfg = Release|Any CPU
		{1866E15B-9744-47EF-85E0-302684D1CC73}.Release|x64.Build.0 = Release|Any CPU
		{1866E15B-9744-47EF-85E0-302684D1CC73}.Release|x86.ActiveCfg = Release|Any CPU
		{1866E15B-9744-47EF-85E0-302684D1CC73}.Release|x86.Build.0 = Release|Any CPU
	EndGlobalSection
	GlobalSection(SolutionProperties) = preSolution
		HideSolutionNode = FALSE
	EndGlobalSection
	GlobalSection(NestedProjects) = preSolution
		{0969D6C0-A3C3-4D2C-9D06-582E08BD1323} = {65679265-7047-4B77-B356-FAD37D1A4F35}
		{711CE704-A550-48F9-8C12-6565D1E540C6} = {65679265-7047-4B77-B356-FAD37D1A4F35}
		{B907FBA8-CABF-43B4-A8F9-0D1006E51F47} = {65679265-7047-4B77-B356-FAD37D1A4F35}
		{CA869354-833D-4806-91AC-8CF59C172A86} = {F20449FD-5F7C-446A-B618-D673B2909ED5}
		{9C80C895-AC43-4C1D-8F83-BEDFAF6CA657} = {BA214978-FDD4-4F2F-BA8B-230DB9445E64}
		{47998622-D2A8-4682-A4C9-138A4D4E270E} = {65679265-7047-4B77-B356-FAD37D1A4F35}
		{4429AA89-5F80-4677-AC09-59FE2270457B} = {BA214978-FDD4-4F2F-BA8B-230DB9445E64}
		{9955BFD1-892B-4C4C-A362-C6977621B6FB} = {BA214978-FDD4-4F2F-BA8B-230DB9445E64}
		{7DA4CB6E-BEAD-46B0-AA8A-F158D263A82E} = {F20449FD-5F7C-446A-B618-D673B2909ED5}
		{58143ED7-6046-4154-9470-13B1A441BE15} = {F20449FD-5F7C-446A-B618-D673B2909ED5}
		{1866E15B-9744-47EF-85E0-302684D1CC73} = {F20449FD-5F7C-446A-B618-D673B2909ED5}
	EndGlobalSection
	GlobalSection(ExtensibilityGlobals) = postSolution
		SolutionGuid = {5EF56AD5-613E-4B87-AB3C-C1DBA54B327E}
	EndGlobalSection
EndGlobal
